
Microsoft Visual Studio Solution File, Format Version 12.00
# Visual Studio Version 17
VisualStudioVersion = 17.1.32210.238
MinimumVisualStudioVersion = 10.0.40219.1
Project("{FAE04EC0-301F-11D3-BF4B-00C04F79EFBC}") = "Shabby", "Source\Shabby.csproj", "{B3610197-17C4-4441-9B83-10E4755D1661}"
EndProject
Global
	GlobalSection(SolutionConfigurationPlatforms) = preSolution
		Debug|Any CPU = Debug|Any CPU
		Release|Any CPU = Release|Any CPU
	EndGlobalSection
	GlobalSection(ProjectConfigurationPlatforms) = postSolution
		{B3610197-17C4-4441-9B83-10E4755D1661}.Debug|Any CPU.ActiveCfg = Debug|Any CPU
		{B3610197-17C4-4441-9B83-10E4755D1661}.Debug|Any CPU.Build.0 = Debug|Any CPU
		{B3610197-17C4-4441-9B83-10E4755D1661}.Release|Any CPU.ActiveCfg = Release|Any CPU
		{B3610197-17C4-4441-9B83-10E4755D1661}.Release|Any CPU.Build.0 = Release|Any CPU
	EndGlobalSection
	GlobalSection(SolutionProperties) = preSolution
		HideSolutionNode = FALSE
	EndGlobalSection
	GlobalSection(ExtensibilityGlobals) = postSolution
		SolutionGuid = {DDC882D1-5C18-4372-AADC-B21A25555D20}
	EndGlobalSection
EndGlobal
